
Microsoft Visual Studio Solution File, Format Version 12.00
# Visual Studio Version 17
VisualStudioVersion = 17.7.34024.191
MinimumVisualStudioVersion = 10.0.40219.1
Project("{FAE04EC0-301F-11D3-BF4B-00C04F79EFBC}") = "5prPiT", "5prPiT\5prPiT.csproj", "{FE03E69C-EB2C-4F8F-8F00-2A32E8E4BEC2}"
EndProject
Project("{FAE04EC0-301F-11D3-BF4B-00C04F79EFBC}") = "UnitTestProject", "UnitTestProject\UnitTestProject.csproj", "{5F9EB9BF-F5F9-457E-97A4-A2275DB9B620}"
EndProject
Global
	GlobalSection(SolutionConfigurationPlatforms) = preSolution
		Debug|Any CPU = Debug|Any CPU
		Release|Any CPU = Release|Any CPU
	EndGlobalSection
	GlobalSection(ProjectConfigurationPlatforms) = postSolution
		{FE03E69C-EB2C-4F8F-8F00-2A32E8E4BEC2}.Debug|Any CPU.ActiveCfg = Debug|Any CPU
		{FE03E69C-EB2C-4F8F-8F00-2A32E8E4BEC2}.Debug|Any CPU.Build.0 = Debug|Any CPU
		{FE03E69C-EB2C-4F8F-8F00-2A32E8E4BEC2}.Release|Any CPU.ActiveCfg = Release|Any CPU
		{FE03E69C-EB2C-4F8F-8F00-2A32E8E4BEC2}.Release|Any CPU.Build.0 = Release|Any CPU
		{5F9EB9BF-F5F9-457E-97A4-A2275DB9B620}.Debug|Any CPU.ActiveCfg = Debug|Any CPU
		{5F9EB9BF-F5F9-457E-97A4-A2275DB9B620}.Debug|Any CPU.Build.0 = Debug|Any CPU
		{5F9EB9BF-F5F9-457E-97A4-A2275DB9B620}.Release|Any CPU.ActiveCfg = Release|Any CPU
		{5F9EB9BF-F5F9-457E-97A4-A2275DB9B620}.Release|Any CPU.Build.0 = Release|Any CPU
	EndGlobalSection
	GlobalSection(SolutionProperties) = preSolution
		HideSolutionNode = FALSE
	EndGlobalSection
	GlobalSection(ExtensibilityGlobals) = postSolution
		SolutionGuid = {51DDBA9B-35E5-4EAA-A277-5D1849FB4699}
	EndGlobalSection
EndGlobal
